{
  "name": "ex02",
  "lockfileVersion": 3,
  "requires": true,
  "packages": {
    "": {
      "dependencies": {
        "@ast-grep/napi": "^0.38.2"
      }
    },
    "node_modules/@ast-grep/napi": {
      "version": "0.38.2",
      "resolved": "https://registry.npmjs.org/@ast-grep/napi/-/napi-0.38.2.tgz",
      "integrity": "sha512-OwfFJC/w0drmHJBNvrH57Hm2VkLohB1Mv0e3a3fPMD17vJS5gSnURhuXKsYWIuKGc4ggDdcRu1DGXpO3DZfHbg==",
      "engines": {
        "node": ">= 10"
      },
      "optionalDependencies": {
        "@ast-grep/napi-darwin-arm64": "0.38.2",
        "@ast-grep/napi-darwin-x64": "0.38.2",
        "@ast-grep/napi-linux-arm64-gnu": "0.38.2",
        "@ast-grep/napi-linux-arm64-musl": "0.38.2",
        "@ast-grep/napi-linux-x64-gnu": "0.38.2",
        "@ast-grep/napi-linux-x64-musl": "0.38.2",
        "@ast-grep/napi-win32-arm64-msvc": "0.38.2",
        "@ast-grep/napi-win32-ia32-msvc": "0.38.2",
        "@ast-grep/napi-win32-x64-msvc": "0.38.2"
      }
    },
    "node_modules/@ast-grep/napi-darwin-arm64": {
      "version": "0.38.2",
      "resolved": "https://registry.npmjs.org/@ast-grep/napi-darwin-arm64/-/napi-darwin-arm64-0.38.2.tgz",
      "integrity": "sha512-M9AQ6qFOX9bir5SYanZlcUB6jWFVGth+YUVKf8KijtBk+rmOBqaWpFlYMa09MFSFSpTzZhGV+2wGZn4pgbD7hA==",
      "cpu": [
        "arm64"
      ],
      "optional": true,
      "os": [
        "darwin"
      ],
      "engines": {
        "node": ">= 10"
      }
    },
    "node_modules/@ast-grep/napi-darwin-x64": {
      "version": "0.38.2",
      "resolved": "https://registry.npmjs.org/@ast-grep/napi-darwin-x64/-/napi-darwin-x64-0.38.2.tgz",
      "integrity": "sha512-pkt/qOBYq0iFLbkeSzF/xvZW19EZsqkaDZ9+BWtGrbfWquSXHuCAsmLFhLLMPT84SPvr0uySqiVHYtx1Ku8qxg==",
      "cpu": [
        "x64"
      ],
      "optional": true,
      "os": [
        "darwin"
      ],
      "engines": {
        "node": ">= 10"
      }
    },
    "node_modules/@ast-grep/napi-linux-arm64-gnu": {
      "version": "0.38.2",
      "resolved": "https://registry.npmjs.org/@ast-grep/napi-linux-arm64-gnu/-/napi-linux-arm64-gnu-0.38.2.tgz",
      "integrity": "sha512-SjlWXtwcpYZmfAT3lkChEo9ojnsZjqDyhJPsRtbhKMS6NxIcCjS0aSpRMn6tU7ZQ7YKqgjOMGcExKcny4lIhSA==",
      "cpu": [
        "arm64"
      ],
      "optional": true,
      "os": [
        "linux"
      ],
      "engines": {
        "node": ">= 10"
      }
    },
    "node_modules/@ast-grep/napi-linux-arm64-musl": {
      "version": "0.38.2",
      "resolved": "https://registry.npmjs.org/@ast-grep/napi-linux-arm64-musl/-/napi-linux-arm64-musl-0.38.2.tgz",
      "integrity": "sha512-qjvHCl5v+gTMRqL8lLuJ/aWYcyGZYV2kL8leHMUgOdfiLZSHYHBuQkoL3L+NLyltHLy5m+oAgAGiuIbJY92Jpg==",
      "cpu": [
        "arm64"
      ],
      "optional": true,
      "os": [
        "linux"
      ],
      "engines": {
        "node": ">= 10"
      }
    },
    "node_modules/@ast-grep/napi-linux-x64-gnu": {
      "version": "0.38.2",
      "resolved": "https://registry.npmjs.org/@ast-grep/napi-linux-x64-gnu/-/napi-linux-x64-gnu-0.38.2.tgz",
      "integrity": "sha512-7H6lEqIDkUZ4qg7qYFsbyUL4XfKNqXDultcuY27se1V/Bhle42LwUoGjfRXiTGq1A8hF2qTb1dfAGGXM5OONog==",
      "cpu": [
        "x64"
      ],
      "optional": true,
      "os": [
        "linux"
      ],
      "engines": {
        "node": ">= 10"
      }
    },
    "node_modules/@ast-grep/napi-linux-x64-musl": {
      "version": "0.38.2",
      "resolved": "https://registry.npmjs.org/@ast-grep/napi-linux-x64-musl/-/napi-linux-x64-musl-0.38.2.tgz",
      "integrity": "sha512-3ZnVz3EIa2YnnqwlrUweEim8VL6KUJb1QEL/cyoo8SM3tHYEAQb9+UHC9h2RJMccE2pPhu1ca6I0z77rixsTSA==",
      "cpu": [
        "x64"
      ],
      "optional": true,
      "os": [
        "linux"
      ],
      "engines": {
        "node": ">= 10"
      }
    },
    "node_modules/@ast-grep/napi-win32-arm64-msvc": {
      "version": "0.38.2",
      "resolved": "https://registry.npmjs.org/@ast-grep/napi-win32-arm64-msvc/-/napi-win32-arm64-msvc-0.38.2.tgz",
      "integrity": "sha512-f31+hWbsNxU4injSexeLxVdRvldmN4y6bF5owwZWfXtvENkuCDolsQosZM/2cnh5N4IRLO+QiXZhx/nYLP93Zw==",
      "cpu": [
        "arm64"
      ],
      "optional": true,
      "os": [
        "win32"
      ],
      "engines": {
        "node": ">= 10"
      }
    },
    "node_modules/@ast-grep/napi-win32-ia32-msvc": {
      "version": "0.38.2",
      "resolved": "https://registry.npmjs.org/@ast-grep/napi-win32-ia32-msvc/-/napi-win32-ia32-msvc-0.38.2.tgz",
      "integrity": "sha512-QWbO2N+xZSTsVmd83EJVDKjc2A74jCJTatIbBwLXmjvDD2Z23hdGmv0KITeKZnNbHBc5F5wilSLOqS+CauaKTA==",
      "cpu": [
        "ia32"
      ],
      "optional": true,
      "os": [
        "win32"
      ],
      "engines": {
        "node": ">= 10"
      }
    },
    "node_modules/@ast-grep/napi-win32-x64-msvc": {
      "version": "0.38.2",
      "resolved": "https://registry.npmjs.org/@ast-grep/napi-win32-x64-msvc/-/napi-win32-x64-msvc-0.38.2.tgz",
      "integrity": "sha512-Od+3JdbcLqp9Vd4X3VjtMeKoF5ju/+ukW4bd9mfc0qQbI75m//V+DBhwaqeh7AgFb9NG3LGn9LYpyGeeZ9dk4g==",
      "cpu": [
        "x64"
      ],
      "optional": true,
      "os": [
        "win32"
      ],
      "engines": {
        "node": ">= 10"
      }
    }
  }
}
